
Microsoft Visual Studio Solution File, Format Version 12.00
# Visual Studio Version 17
VisualStudioVersion = 17.12.35707.178 d17.12
MinimumVisualStudioVersion = 10.0.40219.1
Project("{FAE04EC0-301F-11D3-BF4B-00C04F79EFBC}") = "BloomFilter", "BloomFilter.csproj", "{FBFDE091-80F3-4860-AA1D-CF41FCF7176D}"
EndProject
Global
	GlobalSection(SolutionConfigurationPlatforms) = preSolution
		Debug|Any CPU = Debug|Any CPU
		Release|Any CPU = Release|Any CPU
	EndGlobalSection
	GlobalSection(ProjectConfigurationPlatforms) = postSolution
		{FBFDE091-80F3-4860-AA1D-CF41FCF7176D}.Debug|Any CPU.ActiveCfg = Debug|Any CPU
		{FBFDE091-80F3-4860-AA1D-CF41FCF7176D}.Debug|Any CPU.Build.0 = Debug|Any CPU
		{FBFDE091-80F3-4860-AA1D-CF41FCF7176D}.Release|Any CPU.ActiveCfg = Release|Any CPU
		{FBFDE091-80F3-4860-AA1D-CF41FCF7176D}.Release|Any CPU.Build.0 = Release|Any CPU
	EndGlobalSection
	GlobalSection(SolutionProperties) = preSolution
		HideSolutionNode = FALSE
	EndGlobalSection
EndGlobal
